
Microsoft Visual Studio Solution File, Format Version 12.00
# Visual Studio Version 16
VisualStudioVersion = 16.0.29519.87
MinimumVisualStudioVersion = 10.0.40219.1
Project("{FAE04EC0-301F-11D3-BF4B-00C04F79EFBC}") = "FileOperations", "FileOperations\FileOperations.csproj", "{5BB4864F-2F28-43E7-9A37-BB3250220EA5}"
EndProject
Global
	GlobalSection(SolutionConfigurationPlatforms) = preSolution
		Debug|Any CPU = Debug|Any CPU
		Release|Any CPU = Release|Any CPU
	EndGlobalSection
	GlobalSection(ProjectConfigurationPlatforms) = postSolution
		{5BB4864F-2F28-43E7-9A37-BB3250220EA5}.Debug|Any CPU.ActiveCfg = Debug|Any CPU
		{5BB4864F-2F28-43E7-9A37-BB3250220EA5}.Debug|Any CPU.Build.0 = Debug|Any CPU
		{5BB4864F-2F28-43E7-9A37-BB3250220EA5}.Release|Any CPU.ActiveCfg = Release|Any CPU
		{5BB4864F-2F28-43E7-9A37-BB3250220EA5}.Release|Any CPU.Build.0 = Release|Any CPU
	EndGlobalSection
	GlobalSection(SolutionProperties) = preSolution
		HideSolutionNode = FALSE
	EndGlobalSection
	GlobalSection(ExtensibilityGlobals) = postSolution
		SolutionGuid = {75BA2844-3C15-45F3-AD45-66FE4C2C8DF8}
	EndGlobalSection
EndGlobal
